
Microsoft Visual Studio Solution File, Format Version 12.00
# Visual Studio Version 17
VisualStudioVersion = 17.3.32922.545
MinimumVisualStudioVersion = 10.0.40219.1
Project("{FAE04EC0-301F-11D3-BF4B-00C04F79EFBC}") = "KTPO4310.Ivanov.UnitTest", "KTPO4310.Ivanov.UnitTest\KTPO4310.Ivanov.UnitTest.csproj", "{50649A37-9431-4387-AC92-5F05D80138D9}"
EndProject
Project("{FAE04EC0-301F-11D3-BF4B-00C04F79EFBC}") = "KTPO4310.Ivanov.Lib", "KTPO4310.Ivanov.Lib\KTPO4310.Ivanov.Lib.csproj", "{ACE4F8DF-1E9B-4E58-867E-475514618C63}"
EndProject
Global
	GlobalSection(SolutionConfigurationPlatforms) = preSolution
		Debug|Any CPU = Debug|Any CPU
		Release|Any CPU = Release|Any CPU
	EndGlobalSection
	GlobalSection(ProjectConfigurationPlatforms) = postSolution
		{50649A37-9431-4387-AC92-5F05D80138D9}.Debug|Any CPU.ActiveCfg = Debug|Any CPU
		{50649A37-9431-4387-AC92-5F05D80138D9}.Debug|Any CPU.Build.0 = Debug|Any CPU
		{50649A37-9431-4387-AC92-5F05D80138D9}.Release|Any CPU.ActiveCfg = Release|Any CPU
		{50649A37-9431-4387-AC92-5F05D80138D9}.Release|Any CPU.Build.0 = Release|Any CPU
		{ACE4F8DF-1E9B-4E58-867E-475514618C63}.Debug|Any CPU.ActiveCfg = Debug|Any CPU
		{ACE4F8DF-1E9B-4E58-867E-475514618C63}.Debug|Any CPU.Build.0 = Debug|Any CPU
		{ACE4F8DF-1E9B-4E58-867E-475514618C63}.Release|Any CPU.ActiveCfg = Release|Any CPU
		{ACE4F8DF-1E9B-4E58-867E-475514618C63}.Release|Any CPU.Build.0 = Release|Any CPU
	EndGlobalSection
	GlobalSection(SolutionProperties) = preSolution
		HideSolutionNode = FALSE
	EndGlobalSection
	GlobalSection(ExtensibilityGlobals) = postSolution
		SolutionGuid = {A5D90F53-F338-4E51-8715-46759280D7AE}
	EndGlobalSection
EndGlobal
